// !$*UTF8*$!
{
	archiveVersion = 1;
	classes = {
	};
	objectVersion = 50;
	objects = {

/* Begin PBXBuildFile section */
		6184848C228707140013F8FD /* AppDelegate.m in Sources */ = {isa = PBXBuildFile; fileRef = 6184848B228707140013F8FD /* AppDelegate.m */; };
		6184848F228707140013F8FD /* GreenreadsViewController.m in Sources */ = {isa = PBXBuildFile; fileRef = 6184848E228707140013F8FD /* GreenreadsViewController.m */; };
		61848492228707140013F8FD /* Main.storyboard in Resources */ = {isa = PBXBuildFile; fileRef = 61848490228707140013F8FD /* Main.storyboard */; };
		61848494228707160013F8FD /* Assets.xcassets in Resources */ = {isa = PBXBuildFile; fileRef = 61848493228707160013F8FD /* Assets.xcassets */; };
		61848497228707160013F8FD /* LaunchScreen.storyboard in Resources */ = {isa = PBXBuildFile; fileRef = 61848495228707160013F8FD /* LaunchScreen.storyboard */; };
		6184849A228707160013F8FD /* main.m in Sources */ = {isa = PBXBuildFile; fileRef = 61848499228707160013F8FD /* main.m */; };
		618484A2228771E10013F8FD /* Book.m in Sources */ = {isa = PBXBuildFile; fileRef = 618484A1228771E10013F8FD /* Book.m */; };
/* End PBXBuildFile section */

/* Begin PBXFileReference section */
		61848487228707140013F8FD /* Greenreads.app */ = {isa = PBXFileReference; explicitFileType = wrapper.application; includeInIndex = 0; path = Greenreads.app; sourceTree = BUILT_PRODUCTS_DIR; };
		6184848A228707140013F8FD /* AppDelegate.h */ = {isa = PBXFileReference; lastKnownFileType = sourcecode.c.h; path = AppDelegate.h; sourceTree = "<group>"; };
		6184848B228707140013F8FD /* AppDelegate.m */ = {isa = PBXFileReference; lastKnownFileType = sourcecode.c.objc; path = AppDelegate.m; sourceTree = "<group>"; };
		6184848D228707140013F8FD /* GreenreadsViewController.h */ = {isa = PBXFileReference; lastKnownFileType = sourcecode.c.h; path = GreenreadsViewController.h; sourceTree = "<group>"; };
		6184848E228707140013F8FD /* GreenreadsViewController.m */ = {isa = PBXFileReference; lastKnownFileType = sourcecode.c.objc; path = GreenreadsViewController.m; sourceTree = "<group>"; };
		61848491228707140013F8FD /* Base */ = {isa = PBXFileReference; lastKnownFileType = file.storyboard; name = Base; path = Base.lproj/Main.storyboard; sourceTree = "<group>"; };
		61848493228707160013F8FD /* Assets.xcassets */ = {isa = PBXFileReference; lastKnownFileType = folder.assetcatalog; path = Assets.xcassets; sourceTree = "<group>"; };
		61848496228707160013F8FD /* Base */ = {isa = PBXFileReference; lastKnownFileType = file.storyboard; name = Base; path = Base.lproj/LaunchScreen.storyboard; sourceTree = "<group>"; };
		61848498228707160013F8FD /* Info.plist */ = {isa = PBXFileReference; lastKnownFileType = text.plist.xml; path = Info.plist; sourceTree = "<group>"; };
		61848499228707160013F8FD /* main.m */ = {isa = PBXFileReference; lastKnownFileType = sourcecode.c.objc; path = main.m; sourceTree = "<group>"; };
		618484A0228771E10013F8FD /* Book.h */ = {isa = PBXFileReference; lastKnownFileType = sourcecode.c.h; path = Book.h; sourceTree = "<group>"; };
		618484A1228771E10013F8FD /* Book.m */ = {isa = PBXFileReference; lastKnownFileType = sourcecode.c.objc; path = Book.m; sourceTree = "<group>"; };
/* End PBXFileReference section */

/* Begin PBXFrameworksBuildPhase section */
		61848484228707140013F8FD /* Frameworks */ = {
			isa = PBXFrameworksBuildPhase;
			buildActionMask = 2147483647;
			files = (
			);
			runOnlyForDeploymentPostprocessing = 0;
		};
/* End PBXFrameworksBuildPhase section */

/* Begin PBXGroup section */
		6184847E228707140013F8FD = {
			isa = PBXGroup;
			children = (
				61848489228707140013F8FD /* Greenreads */,
				61848488228707140013F8FD /* Products */,
			);
			sourceTree = "<group>";
		};
		61848488228707140013F8FD /* Products */ = {
			isa = PBXGroup;
			children = (
				61848487228707140013F8FD /* Greenreads.app */,
			);
			name = Products;
			sourceTree = "<group>";
		};
		61848489228707140013F8FD /* Greenreads */ = {
			isa = PBXGroup;
			children = (
				6184848A228707140013F8FD /* AppDelegate.h */,
				6184848B228707140013F8FD /* AppDelegate.m */,
				6184848D228707140013F8FD /* GreenreadsViewController.h */,
				6184848E228707140013F8FD /* GreenreadsViewController.m */,
				61848490228707140013F8FD /* Main.storyboard */,
				61848493228707160013F8FD /* Assets.xcassets */,
				61848495228707160013F8FD /* LaunchScreen.storyboard */,
				61848498228707160013F8FD /* Info.plist */,
				61848499228707160013F8FD /* main.m */,
				618484A0228771E10013F8FD /* Book.h */,
				618484A1228771E10013F8FD /* Book.m */,
			);
			path = Greenreads;
			sourceTree = "<group>";
		};
/* End PBXGroup section */

/* Begin PBXNativeTarget section */
		61848486228707140013F8FD /* Greenreads */ = {
			isa = PBXNativeTarget;
			buildConfigurationList = 6184849D228707160013F8FD /* Build configuration list for PBXNativeTarget "Greenreads" */;
			buildPhases = (
				61848483228707140013F8FD /* Sources */,
				61848484228707140013F8FD /* Frameworks */,
				61848485228707140013F8FD /* Resources */,
			);
			buildRules = (
			);
			dependencies = (
			);
			name = Greenreads;
			productName = Greenreads;
			productReference = 61848487228707140013F8FD /* Greenreads.app */;
			productType = "com.apple.product-type.application";
		};
/* End PBXNativeTarget section */

/* Begin PBXProject section */
		6184847F228707140013F8FD /* Project object */ = {
			isa = PBXProject;
			attributes = {
				LastUpgradeCheck = 1020;
				ORGANIZATIONNAME = "Mobile Apps Kitchen";
				TargetAttributes = {
					61848486228707140013F8FD = {
						CreatedOnToolsVersion = 10.2.1;
					};
				};
			};
			buildConfigurationList = 61848482228707140013F8FD /* Build configuration list for PBXProject "Greenreads" */;
			compatibilityVersion = "Xcode 9.3";
			developmentRegion = en;
			hasScannedForEncodings = 0;
			knownRegions = (
				en,
				Base,
			);
			mainGroup = 6184847E228707140013F8FD;
			productRefGroup = 61848488228707140013F8FD /* Products */;
			projectDirPath = "";
			projectRoot = "";
			targets = (
				61848486228707140013F8FD /* Greenreads */,
			);
		};
/* End PBXProject section */

/* Begin PBXResourcesBuildPhase section */
		61848485228707140013F8FD /* Resources */ = {
			isa = PBXResourcesBuildPhase;
			buildActionMask = 2147483647;
			files = (
				61848497228707160013F8FD /* LaunchScreen.storyboard in Resources */,
				61848494228707160013F8FD /* Assets.xcassets in Resources */,
				61848492228707140013F8FD /* Main.storyboard in Resources */,
			);
			runOnlyForDeploymentPostprocessing = 0;
		};
/* End PBXResourcesBuildPhase section */

/* Begin PBXSourcesBuildPhase section */
		61848483228707140013F8FD /* Sources */ = {
			isa = PBXSourcesBuildPhase;
			buildActionMask = 2147483647;
			files = (
				618484A2228771E10013F8FD /* Book.m in Sources */,
				6184848F228707140013F8FD /* GreenreadsViewController.m in Sources */,
				6184849A228707160013F8FD /* main.m in Sources */,
				6184848C228707140013F8FD /* AppDelegate.m in Sources */,
			);
			runOnlyForDeploymentPostprocessing = 0;
		};
/* End PBXSourcesBuildPhase section */

/* Begin PBXVariantGroup section */
		61848490228707140013F8FD /* Main.storyboard */ = {
			isa = PBXVariantGroup;
			children = (
				61848491228707140013F8FD /* Base */,
			);
			name = Main.storyboard;
			sourceTree = "<group>";
		};
		61848495228707160013F8FD /* LaunchScreen.storyboard */ = {
			isa = PBXVariantGroup;
			children = (
				61848496228707160013F8FD /* Base */,
			);
			name = LaunchScreen.storyboard;
			sourceTree = "<group>";
		};
/* End PBXVariantGroup section */

/* Begin XCBuildConfiguration section */
		6184849B228707160013F8FD /* Debug */ = {
			isa = XCBuildConfiguration;
			buildSettings = {
				ALWAYS_SEARCH_USER_PATHS = NO;
				CLANG_ANALYZER_NONNULL = YES;
				CLANG_ANALYZER_NUMBER_OBJECT_CONVERSION = YES_AGGRESSIVE;
				CLANG_CXX_LANGUAGE_STANDARD = "gnu++14";
				CLANG_CXX_LIBRARY = "libc++";
				CLANG_ENABLE_MODULES = YES;
				CLANG_ENABLE_OBJC_ARC = YES;
				CLANG_ENABLE_OBJC_WEAK = YES;
				CLANG_WARN_BLOCK_CAPTURE_AUTORELEASING = YES;
				CLANG_WARN_BOOL_CONVERSION = YES;
				CLANG_WARN_COMMA = YES;
				CLANG_WARN_CONSTANT_CONVERSION = YES;
				CLANG_WARN_DEPRECATED_OBJC_IMPLEMENTATIONS = YES;
				CLANG_WARN_DIRECT_OBJC_ISA_USAGE = YES_ERROR;
				CLANG_WARN_DOCUMENTATION_COMMENTS = YES;
				CLANG_WARN_EMPTY_BODY = YES;
				CLANG_WARN_ENUM_CONVERSION = YES;
				CLANG_WARN_INFINITE_RECURSION = YES;
				CLANG_WARN_INT_CONVERSION = YES;
				CLANG_WARN_NON_LITERAL_NULL_CONVERSION = YES;
				CLANG_WARN_OBJC_IMPLICIT_RETAIN_SELF = YES;
				CLANG_WARN_OBJC_LITERAL_CONVERSION = YES;
				CLANG_WARN_OBJC_ROOT_CLASS = YES_ERROR;
				CLANG_WARN_RANGE_LOOP_ANALYSIS = YES;
				CLANG_WARN_STRICT_PROTOTYPES = YES;
				CLANG_WARN_SUSPICIOUS_MOVE = YES;
				CLANG_WARN_UNGUARDED_AVAILABILITY = YES_AGGRESSIVE;
				CLANG_WARN_UNREACHABLE_CODE = YES;
				CLANG_WARN__DUPLICATE_METHOD_MATCH = YES;
				CODE_SIGN_IDENTITY = "iPhone Developer";
				COPY_PHASE_STRIP = NO;
				DEBUG_INFORMATION_FORMAT = dwarf;
				ENABLE_STRICT_OBJC_MSGSEND = YES;
				ENABLE_TESTABILITY = YES;
				GCC_C_LANGUAGE_STANDARD = gnu11;
				GCC_DYNAMIC_NO_PIC = NO;
				GCC_NO_COMMON_BLOCKS = YES;
				GCC_OPTIMIZATION_LEVEL = 0;
				GCC_PREPROCESSOR_DEFINITIONS = (
					"DEBUG=1",
					"$(inherited)",
				);
				GCC_WARN_64_TO_32_BIT_CONVERSION = YES;
				GCC_WARN_ABOUT_RETURN_TYPE = YES_ERROR;
				GCC_WARN_UNDECLARED_SELECTOR = YES;
				GCC_WARN_UNINITIALIZED_AUTOS = YES_AGGRESSIVE;
				GCC_WARN_UNUSED_FUNCTION = YES;
				GCC_WARN_UNUSED_VARIABLE = YES;
				IPHONEOS_DEPLOYMENT_TARGET = 12.2;
				MTL_ENABLE_DEBUG_INFO = INCLUDE_SOURCE;
				MTL_FAST_MATH = YES;
				ONLY_ACTIVE_ARCH = YES;
				SDKROOT = iphoneos;
			};
			name = Debug;
		};
		6184849C228707160013F8FD /* Release */ = {
			isa = XCBuildConfiguration;
			buildSettings = {
				ALWAYS_SEARCH_USER_PATHS = NO;
				CLANG_ANALYZER_NONNULL = YES;
				CLANG_ANALYZER_NUMBER_OBJECT_CONVERSION = YES_AGGRESSIVE;
				CLANG_CXX_LANGUAGE_STANDARD = "gnu++14";
				CLANG_CXX_LIBRARY = "libc++";
				CLANG_ENABLE_MODULES = YES;
				CLANG_ENABLE_OBJC_ARC = YES;
				CLANG_ENABLE_OBJC_WEAK = YES;
				CLANG_WARN_BLOCK_CAPTURE_AUTORELEASING = YES;
				CLANG_WARN_BOOL_CONVERSION = YES;
				CLANG_WARN_COMMA = YES;
				CLANG_WARN_CONSTANT_CONVERSION = YES;
				CLANG_WARN_DEPRECATED_OBJC_IMPLEMENTATIONS = YES;
				CLANG_WARN_DIRECT_OBJC_ISA_USAGE = YES_ERROR;
				CLANG_WARN_DOCUMENTATION_COMMENTS = YES;
				CLANG_WARN_EMPTY_BODY = YES;
				CLANG_WARN_ENUM_CONVERSION = YES;
				CLANG_WARN_INFINITE_RECURSION = YES;
				CLANG_WARN_INT_CONVERSION = YES;
				CLANG_WARN_NON_LITERAL_NULL_CONVERSION = YES;
				CLANG_WARN_OBJC_IMPLICIT_RETAIN_SELF = YES;
				CLANG_WARN_OBJC_LITERAL_CONVERSION = YES;
				CLANG_WARN_OBJC_ROOT_CLASS = YES_ERROR;
				CLANG_WARN_RANGE_LOOP_ANALYSIS = YES;
				CLANG_WARN_STRICT_PROTOTYPES = YES;
				CLANG_WARN_SUSPICIOUS_MOVE = YES;
				CLANG_WARN_UNGUARDED_AVAILABILITY = YES_AGGRESSIVE;
				CLANG_WARN_UNREACHABLE_CODE = YES;
				CLANG_WARN__DUPLICATE_METHOD_MATCH = YES;
				CODE_SIGN_IDENTITY = "iPhone Developer";
				COPY_PHASE_STRIP = NO;
				DEBUG_INFORMATION_FORMAT = "dwarf-with-dsym";
				ENABLE_NS_ASSERTIONS = NO;
				ENABLE_STRICT_OBJC_MSGSEND = YES;
				GCC_C_LANGUAGE_STANDARD = gnu11;
				GCC_NO_COMMON_BLOCKS = YES;
				GCC_WARN_64_TO_32_BIT_CONVERSION = YES;
				GCC_WARN_ABOUT_RETURN_TYPE = YES_ERROR;
				GCC_WARN_UNDECLARED_SELECTOR = YES;
				GCC_WARN_UNINITIALIZED_AUTOS = YES_AGGRESSIVE;
				GCC_WARN_UNUSED_FUNCTION = YES;
				GCC_WARN_UNUSED_VARIABLE = YES;
				IPHONEOS_DEPLOYMENT_TARGET = 12.2;
				MTL_ENABLE_DEBUG_INFO = NO;
				MTL_FAST_MATH = YES;
				SDKROOT = iphoneos;
				VALIDATE_PRODUCT = YES;
			};
			name = Release;
		};
		6184849E228707160013F8FD /* Debug */ = {
			isa = XCBuildConfiguration;
			buildSettings = {
				ASSETCATALOG_COMPILER_APPICON_NAME = AppIcon;
				CODE_SIGN_STYLE = Automatic;
				DEVELOPMENT_TEAM = 8WWJWU7869;
				INFOPLIST_FILE = Greenreads/Info.plist;
				LD_RUNPATH_SEARCH_PATHS = (
					"$(inherited)",
					"@executable_path/Frameworks",
				);
				PRODUCT_BUNDLE_IDENTIFIER = mobileappskitchen.com.Greenreads;
				PRODUCT_NAME = "$(TARGET_NAME)";
				TARGETED_DEVICE_FAMILY = "1,2";
			};
			name = Debug;
		};
		6184849F228707160013F8FD /* Release */ = {
			isa = XCBuildConfiguration;
			buildSettings = {
				ASSETCATALOG_COMPILER_APPICON_NAME = AppIcon;
				CODE_SIGN_STYLE = Automatic;
				DEVELOPMENT_TEAM = 8WWJWU7869;
				INFOPLIST_FILE = Greenreads/Info.plist;
				LD_RUNPATH_SEARCH_PATHS = (
					"$(inherited)",
					"@executable_path/Frameworks",
				);
				PRODUCT_BUNDLE_IDENTIFIER = mobileappskitchen.com.Greenreads;
				PRODUCT_NAME = "$(TARGET_NAME)";
				TARGETED_DEVICE_FAMILY = "1,2";
			};
			name = Release;
		};
/* End XCBuildConfiguration section */

/* Begin XCConfigurationList section */
		61848482228707140013F8FD /* Build configuration list for PBXProject "Greenreads" */ = {
			isa = XCConfigurationList;
			buildConfigurations = (
				6184849B228707160013F8FD /* Debug */,
				6184849C228707160013F8FD /* Release */,
			);
			defaultConfigurationIsVisible = 0;
			defaultConfigurationName = Release;
		};
		6184849D228707160013F8FD /* Build configuration list for PBXNativeTarget "Greenreads" */ = {
			isa = XCConfigurationList;
			buildConfigurations = (
				6184849E228707160013F8FD /* Debug */,
				6184849F228707160013F8FD /* Release */,
			);
			defaultConfigurationIsVisible = 0;
			defaultConfigurationName = Release;
		};
/* End XCConfigurationList section */
	};
	rootObject = 6184847F228707140013F8FD /* Project object */;
}
